
Microsoft Visual Studio Solution File, Format Version 12.00
# Visual Studio Version 16
VisualStudioVersion = 16.0.32228.343
MinimumVisualStudioVersion = 10.0.40219.1
Project("{FAE04EC0-301F-11D3-BF4B-00C04F79EFBC}") = "backend", "backend.csproj", "{7B9E0971-EC6A-4279-8697-9EF035992647}"
EndProject
Global
	GlobalSection(SolutionConfigurationPlatforms) = preSolution
		Debug|Any CPU = Debug|Any CPU
		Release|Any CPU = Release|Any CPU
	EndGlobalSection
	GlobalSection(ProjectConfigurationPlatforms) = postSolution
		{7B9E0971-EC6A-4279-8697-9EF035992647}.Debug|Any CPU.ActiveCfg = Debug|Any CPU
		{7B9E0971-EC6A-4279-8697-9EF035992647}.Debug|Any CPU.Build.0 = Debug|Any CPU
		{7B9E0971-EC6A-4279-8697-9EF035992647}.Release|Any CPU.ActiveCfg = Release|Any CPU
		{7B9E0971-EC6A-4279-8697-9EF035992647}.Release|Any CPU.Build.0 = Release|Any CPU
	EndGlobalSection
	GlobalSection(SolutionProperties) = preSolution
		HideSolutionNode = FALSE
	EndGlobalSection
	GlobalSection(ExtensibilityGlobals) = postSolution
		SolutionGuid = {A97DE966-44CB-4E00-A5B7-49D3EB3F94C5}
	EndGlobalSection
EndGlobal
